
Microsoft Visual Studio Solution File, Format Version 12.00
# Visual Studio Version 17
VisualStudioVersion = 17.4.33205.214
MinimumVisualStudioVersion = 10.0.40219.1
Project("{9A19103F-16F7-4668-BE54-9A1E7A4F7556}") = "PubSubDemo", "PubSubDemo.csproj", "{F537608D-5A68-45C5-B438-A1F9CB2A74D9}"
EndProject
Project("{FAE04EC0-301F-11D3-BF4B-00C04F79EFBC}") = "PubSubDemoTest", "..\PubSubDemoTest\PubSubDemoTest.csproj", "{963BA08D-59A4-4666-A85C-DD7D15631E0C}"
EndProject
Global
	GlobalSection(SolutionConfigurationPlatforms) = preSolution
		Debug|Any CPU = Debug|Any CPU
		Release|Any CPU = Release|Any CPU
	EndGlobalSection
	GlobalSection(ProjectConfigurationPlatforms) = postSolution
		{F537608D-5A68-45C5-B438-A1F9CB2A74D9}.Debug|Any CPU.ActiveCfg = Debug|Any CPU
		{F537608D-5A68-45C5-B438-A1F9CB2A74D9}.Debug|Any CPU.Build.0 = Debug|Any CPU
		{F537608D-5A68-45C5-B438-A1F9CB2A74D9}.Release|Any CPU.ActiveCfg = Release|Any CPU
		{F537608D-5A68-45C5-B438-A1F9CB2A74D9}.Release|Any CPU.Build.0 = Release|Any CPU
		{963BA08D-59A4-4666-A85C-DD7D15631E0C}.Debug|Any CPU.ActiveCfg = Debug|Any CPU
		{963BA08D-59A4-4666-A85C-DD7D15631E0C}.Debug|Any CPU.Build.0 = Debug|Any CPU
		{963BA08D-59A4-4666-A85C-DD7D15631E0C}.Release|Any CPU.ActiveCfg = Release|Any CPU
		{963BA08D-59A4-4666-A85C-DD7D15631E0C}.Release|Any CPU.Build.0 = Release|Any CPU
	EndGlobalSection
	GlobalSection(SolutionProperties) = preSolution
		HideSolutionNode = FALSE
	EndGlobalSection
	GlobalSection(ExtensibilityGlobals) = postSolution
		SolutionGuid = {A86E5A58-58B5-46F6-92DB-90CEFE7A8E4F}
	EndGlobalSection
EndGlobal
